// !$*UTF8*$!
{
	archiveVersion = 1;
	classes = {
	};
	objectVersion = 77;
	objects = {

/* Begin PBXBuildFile section */
		451C27432ED0FC6A00E2D25D /* GRDB in Frameworks */ = {isa = PBXBuildFile; productRef = 451C27422ED0FC6A00E2D25D /* GRDB */; };
		451C27472ED0FCDF00E2D25D /* GRDB in Frameworks */ = {isa = PBXBuildFile; productRef = 451C27462ED0FCDF00E2D25D /* GRDB */; };
		45255B042ED1051B009FC4AB /* GRDB in Frameworks */ = {isa = PBXBuildFile; productRef = 45255B032ED1051B009FC4AB /* GRDB */; };
		457ED7BF2DF9A8B20063C8F5 /* WidgetKit.framework in Frameworks */ = {isa = PBXBuildFile; fileRef = 457ED7BE2DF9A8B20063C8F5 /* WidgetKit.framework */; };
		457ED7C12DF9A8B20063C8F5 /* SwiftUI.framework in Frameworks */ = {isa = PBXBuildFile; fileRef = 457ED7C02DF9A8B20063C8F5 /* SwiftUI.framework */; };
		457ED7D22DF9A8BB0063C8F5 /* BookWidgetExtension.appex in Embed Foundation Extensions */ = {isa = PBXBuildFile; fileRef = 457ED7BC2DF9A8B20063C8F5 /* BookWidgetExtension.appex */; settings = {ATTRIBUTES = (RemoveHeadersOnCopy, ); }; };
		45AF110E2EDA13AC00201785 /* GRDBQuery in Frameworks */ = {isa = PBXBuildFile; productRef = 45AF110D2EDA13AC00201785 /* GRDBQuery */; };
		45F25CF52CD0D8D2003BB87E /* CodeScanner in Frameworks */ = {isa = PBXBuildFile; productRef = 45F25CF42CD0D8D2003BB87E /* CodeScanner */; };
		45FBED4F2ED0D19900495DAB /* GRDB in Frameworks */ = {isa = PBXBuildFile; productRef = 45FBED4E2ED0D19900495DAB /* GRDB */; };
		45FBED532ED0D1E100495DAB /* GRDB in Frameworks */ = {isa = PBXBuildFile; productRef = 45FBED522ED0D1E100495DAB /* GRDB */; };
		45FBED572ED0FB2B00495DAB /* GRDB in Frameworks */ = {isa = PBXBuildFile; productRef = 45FBED562ED0FB2B00495DAB /* GRDB */; };
/* End PBXBuildFile section */

/* Begin PBXContainerItemProxy section */
		457ED7D02DF9A8BB0063C8F5 /* PBXContainerItemProxy */ = {
			isa = PBXContainerItemProxy;
			containerPortal = 45A8358D2CB6D9C200FE016A /* Project object */;
			proxyType = 1;
			remoteGlobalIDString = 457ED7BB2DF9A8B20063C8F5;
			remoteInfo = BookWidgetExtension;
		};
		45A835AA2CB6D9C500FE016A /* PBXContainerItemProxy */ = {
			isa = PBXContainerItemProxy;
			containerPortal = 45A8358D2CB6D9C200FE016A /* Project object */;
			proxyType = 1;
			remoteGlobalIDString = 45A835942CB6D9C200FE016A;
			remoteInfo = Bookworm;
		};
		45A835B42CB6D9C500FE016A /* PBXContainerItemProxy */ = {
			isa = PBXContainerItemProxy;
			containerPortal = 45A8358D2CB6D9C200FE016A /* Project object */;
			proxyType = 1;
			remoteGlobalIDString = 45A835942CB6D9C200FE016A;
			remoteInfo = Bookworm;
		};
/* End PBXContainerItemProxy section */

/* Begin PBXCopyFilesBuildPhase section */
		457ED7D32DF9A8BB0063C8F5 /* Embed Foundation Extensions */ = {
			isa = PBXCopyFilesBuildPhase;
			buildActionMask = 2147483647;
			dstPath = "";
			dstSubfolderSpec = 13;
			files = (
				457ED7D22DF9A8BB0063C8F5 /* BookWidgetExtension.appex in Embed Foundation Extensions */,
			);
			name = "Embed Foundation Extensions";
			runOnlyForDeploymentPostprocessing = 0;
		};
/* End PBXCopyFilesBuildPhase section */

/* Begin PBXFileReference section */
		457ED7BC2DF9A8B20063C8F5 /* BookWidgetExtension.appex */ = {isa = PBXFileReference; explicitFileType = "wrapper.app-extension"; includeInIndex = 0; path = BookWidgetExtension.appex; sourceTree = BUILT_PRODUCTS_DIR; };
		457ED7BE2DF9A8B20063C8F5 /* WidgetKit.framework */ = {isa = PBXFileReference; lastKnownFileType = wrapper.framework; name = WidgetKit.framework; path = System/Library/Frameworks/WidgetKit.framework; sourceTree = SDKROOT; };
		457ED7C02DF9A8B20063C8F5 /* SwiftUI.framework */ = {isa = PBXFileReference; lastKnownFileType = wrapper.framework; name = SwiftUI.framework; path = System/Library/Frameworks/SwiftUI.framework; sourceTree = SDKROOT; };
		45A835952CB6D9C200FE016A /* Bookworm.app */ = {isa = PBXFileReference; explicitFileType = wrapper.application; includeInIndex = 0; path = Bookworm.app; sourceTree = BUILT_PRODUCTS_DIR; };
		45A835A92CB6D9C500FE016A /* BookwormTests.xctest */ = {isa = PBXFileReference; explicitFileType = wrapper.cfbundle; includeInIndex = 0; path = BookwormTests.xctest; sourceTree = BUILT_PRODUCTS_DIR; };
		45A835B32CB6D9C500FE016A /* BookwormUITests.xctest */ = {isa = PBXFileReference; explicitFileType = wrapper.cfbundle; includeInIndex = 0; path = BookwormUITests.xctest; sourceTree = BUILT_PRODUCTS_DIR; };
/* End PBXFileReference section */

/* Begin PBXFileSystemSynchronizedBuildFileExceptionSet section */
		457ED7D72DF9A8BB0063C8F5 /* Exceptions for "BookWidget" folder in "BookWidgetExtension" target */ = {
			isa = PBXFileSystemSynchronizedBuildFileExceptionSet;
			membershipExceptions = (
				Info.plist,
			);
			target = 457ED7BB2DF9A8B20063C8F5 /* BookWidgetExtension */;
		};
		45A835BB2CB6D9C500FE016A /* Exceptions for "Bookworm" folder in "Bookworm" target */ = {
			isa = PBXFileSystemSynchronizedBuildFileExceptionSet;
			membershipExceptions = (
				Info.plist,
			);
			target = 45A835942CB6D9C200FE016A /* Bookworm */;
		};
/* End PBXFileSystemSynchronizedBuildFileExceptionSet section */

/* Begin PBXFileSystemSynchronizedRootGroup section */
		457ED7C22DF9A8B20063C8F5 /* BookWidget */ = {
			isa = PBXFileSystemSynchronizedRootGroup;
			exceptions = (
				457ED7D72DF9A8BB0063C8F5 /* Exceptions for "BookWidget" folder in "BookWidgetExtension" target */,
			);
			path = BookWidget;
			sourceTree = "<group>";
		};
		45A835972CB6D9C200FE016A /* Bookworm */ = {
			isa = PBXFileSystemSynchronizedRootGroup;
			exceptions = (
				45A835BB2CB6D9C500FE016A /* Exceptions for "Bookworm" folder in "Bookworm" target */,
			);
			path = Bookworm;
			sourceTree = "<group>";
		};
		45A835AC2CB6D9C500FE016A /* BookwormTests */ = {
			isa = PBXFileSystemSynchronizedRootGroup;
			path = BookwormTests;
			sourceTree = "<group>";
		};
		45A835B62CB6D9C500FE016A /* BookwormUITests */ = {
			isa = PBXFileSystemSynchronizedRootGroup;
			path = BookwormUITests;
			sourceTree = "<group>";
		};
/* End PBXFileSystemSynchronizedRootGroup section */

/* Begin PBXFrameworksBuildPhase section */
		457ED7B92DF9A8B20063C8F5 /* Frameworks */ = {
			isa = PBXFrameworksBuildPhase;
			buildActionMask = 2147483647;
			files = (
				457ED7C12DF9A8B20063C8F5 /* SwiftUI.framework in Frameworks */,
				457ED7BF2DF9A8B20063C8F5 /* WidgetKit.framework in Frameworks */,
			);
			runOnlyForDeploymentPostprocessing = 0;
		};
		45A835922CB6D9C200FE016A /* Frameworks */ = {
			isa = PBXFrameworksBuildPhase;
			buildActionMask = 2147483647;
			files = (
				451C27432ED0FC6A00E2D25D /* GRDB in Frameworks */,
				45FBED4F2ED0D19900495DAB /* GRDB in Frameworks */,
				45255B042ED1051B009FC4AB /* GRDB in Frameworks */,
				45FBED532ED0D1E100495DAB /* GRDB in Frameworks */,
				451C27472ED0FCDF00E2D25D /* GRDB in Frameworks */,
				45FBED572ED0FB2B00495DAB /* GRDB in Frameworks */,
				45AF110E2EDA13AC00201785 /* GRDBQuery in Frameworks */,
				45F25CF52CD0D8D2003BB87E /* CodeScanner in Frameworks */,
			);
			runOnlyForDeploymentPostprocessing = 0;
		};
		45A835A62CB6D9C500FE016A /* Frameworks */ = {
			isa = PBXFrameworksBuildPhase;
			buildActionMask = 2147483647;
			files = (
			);
			runOnlyForDeploymentPostprocessing = 0;
		};
		45A835B02CB6D9C500FE016A /* Frameworks */ = {
			isa = PBXFrameworksBuildPhase;
			buildActionMask = 2147483647;
			files = (
			);
			runOnlyForDeploymentPostprocessing = 0;
		};
/* End PBXFrameworksBuildPhase section */

/* Begin PBXGroup section */
		457ED7BD2DF9A8B20063C8F5 /* Frameworks */ = {
			isa = PBXGroup;
			children = (
				457ED7BE2DF9A8B20063C8F5 /* WidgetKit.framework */,
				457ED7C02DF9A8B20063C8F5 /* SwiftUI.framework */,
			);
			name = Frameworks;
			sourceTree = "<group>";
		};
		45A8358C2CB6D9C200FE016A = {
			isa = PBXGroup;
			children = (
				45A835972CB6D9C200FE016A /* Bookworm */,
				45A835AC2CB6D9C500FE016A /* BookwormTests */,
				45A835B62CB6D9C500FE016A /* BookwormUITests */,
				457ED7C22DF9A8B20063C8F5 /* BookWidget */,
				457ED7BD2DF9A8B20063C8F5 /* Frameworks */,
				45A835962CB6D9C200FE016A /* Products */,
			);
			sourceTree = "<group>";
		};
		45A835962CB6D9C200FE016A /* Products */ = {
			isa = PBXGroup;
			children = (
				45A835952CB6D9C200FE016A /* Bookworm.app */,
				45A835A92CB6D9C500FE016A /* BookwormTests.xctest */,
				45A835B32CB6D9C500FE016A /* BookwormUITests.xctest */,
				457ED7BC2DF9A8B20063C8F5 /* BookWidgetExtension.appex */,
			);
			name = Products;
			sourceTree = "<group>";
		};
/* End PBXGroup section */

/* Begin PBXNativeTarget section */
		457ED7BB2DF9A8B20063C8F5 /* BookWidgetExtension */ = {
			isa = PBXNativeTarget;
			buildConfigurationList = 457ED7D62DF9A8BB0063C8F5 /* Build configuration list for PBXNativeTarget "BookWidgetExtension" */;
			buildPhases = (
				457ED7B82DF9A8B20063C8F5 /* Sources */,
				457ED7B92DF9A8B20063C8F5 /* Frameworks */,
				457ED7BA2DF9A8B20063C8F5 /* Resources */,
			);
			buildRules = (
			);
			dependencies = (
			);
			fileSystemSynchronizedGroups = (
				457ED7C22DF9A8B20063C8F5 /* BookWidget */,
			);
			name = BookWidgetExtension;
			packageProductDependencies = (
			);
			productName = BookWidgetExtension;
			productReference = 457ED7BC2DF9A8B20063C8F5 /* BookWidgetExtension.appex */;
			productType = "com.apple.product-type.app-extension";
		};
		45A835942CB6D9C200FE016A /* Bookworm */ = {
			isa = PBXNativeTarget;
			buildConfigurationList = 45A835BC2CB6D9C500FE016A /* Build configuration list for PBXNativeTarget "Bookworm" */;
			buildPhases = (
				45A835912CB6D9C200FE016A /* Sources */,
				45A835922CB6D9C200FE016A /* Frameworks */,
				45A835932CB6D9C200FE016A /* Resources */,
				457ED7D32DF9A8BB0063C8F5 /* Embed Foundation Extensions */,
			);
			buildRules = (
			);
			dependencies = (
				457ED7D12DF9A8BB0063C8F5 /* PBXTargetDependency */,
			);
			fileSystemSynchronizedGroups = (
				45A835972CB6D9C200FE016A /* Bookworm */,
			);
			name = Bookworm;
			packageProductDependencies = (
				45F25CF42CD0D8D2003BB87E /* CodeScanner */,
				45FBED4E2ED0D19900495DAB /* GRDB */,
				45FBED522ED0D1E100495DAB /* GRDB */,
				45FBED562ED0FB2B00495DAB /* GRDB */,
				451C27422ED0FC6A00E2D25D /* GRDB */,
				451C27462ED0FCDF00E2D25D /* GRDB */,
				45255B032ED1051B009FC4AB /* GRDB */,
				45AF110D2EDA13AC00201785 /* GRDBQuery */,
			);
			productName = Bookworm;
			productReference = 45A835952CB6D9C200FE016A /* Bookworm.app */;
			productType = "com.apple.product-type.application";
		};
		45A835A82CB6D9C500FE016A /* BookwormTests */ = {
			isa = PBXNativeTarget;
			buildConfigurationList = 45A835C12CB6D9C500FE016A /* Build configuration list for PBXNativeTarget "BookwormTests" */;
			buildPhases = (
				45A835A52CB6D9C500FE016A /* Sources */,
				45A835A62CB6D9C500FE016A /* Frameworks */,
				45A835A72CB6D9C500FE016A /* Resources */,
			);
			buildRules = (
			);
			dependencies = (
				45A835AB2CB6D9C500FE016A /* PBXTargetDependency */,
			);
			fileSystemSynchronizedGroups = (
				45A835AC2CB6D9C500FE016A /* BookwormTests */,
			);
			name = BookwormTests;
			packageProductDependencies = (
			);
			productName = BookwormTests;
			productReference = 45A835A92CB6D9C500FE016A /* BookwormTests.xctest */;
			productType = "com.apple.product-type.bundle.unit-test";
		};
		45A835B22CB6D9C500FE016A /* BookwormUITests */ = {
			isa = PBXNativeTarget;
			buildConfigurationList = 45A835C42CB6D9C500FE016A /* Build configuration list for PBXNativeTarget "BookwormUITests" */;
			buildPhases = (
				45A835AF2CB6D9C500FE016A /* Sources */,
				45A835B02CB6D9C500FE016A /* Frameworks */,
				45A835B12CB6D9C500FE016A /* Resources */,
			);
			buildRules = (
			);
			dependencies = (
				45A835B52CB6D9C500FE016A /* PBXTargetDependency */,
			);
			fileSystemSynchronizedGroups = (
				45A835B62CB6D9C500FE016A /* BookwormUITests */,
			);
			name = BookwormUITests;
			packageProductDependencies = (
			);
			productName = BookwormUITests;
			productReference = 45A835B32CB6D9C500FE016A /* BookwormUITests.xctest */;
			productType = "com.apple.product-type.bundle.ui-testing";
		};
/* End PBXNativeTarget section */

/* Begin PBXProject section */
		45A8358D2CB6D9C200FE016A /* Project object */ = {
			isa = PBXProject;
			attributes = {
				BuildIndependentTargetsInParallel = 1;
				LastSwiftUpdateCheck = 1620;
				LastUpgradeCheck = 1600;
				TargetAttributes = {
					457ED7BB2DF9A8B20063C8F5 = {
						CreatedOnToolsVersion = 16.2;
					};
					45A835942CB6D9C200FE016A = {
						CreatedOnToolsVersion = 16.0;
					};
					45A835A82CB6D9C500FE016A = {
						CreatedOnToolsVersion = 16.0;
						TestTargetID = 45A835942CB6D9C200FE016A;
					};
					45A835B22CB6D9C500FE016A = {
						CreatedOnToolsVersion = 16.0;
						TestTargetID = 45A835942CB6D9C200FE016A;
					};
				};
			};
			buildConfigurationList = 45A835902CB6D9C200FE016A /* Build configuration list for PBXProject "Bookworm" */;
			developmentRegion = en;
			hasScannedForEncodings = 0;
			knownRegions = (
				en,
				Base,
			);
			mainGroup = 45A8358C2CB6D9C200FE016A;
			minimizedProjectReferenceProxies = 1;
			packageReferences = (
				45F25CF32CD0D8D2003BB87E /* XCRemoteSwiftPackageReference "CodeScanner" */,
				45255B022ED1051B009FC4AB /* XCRemoteSwiftPackageReference "GRDB.swift" */,
				45AF110C2EDA13AC00201785 /* XCRemoteSwiftPackageReference "GRDBQuery" */,
			);
			preferredProjectObjectVersion = 77;
			productRefGroup = 45A835962CB6D9C200FE016A /* Products */;
			projectDirPath = "";
			projectRoot = "";
			targets = (
				45A835942CB6D9C200FE016A /* Bookworm */,
				45A835A82CB6D9C500FE016A /* BookwormTests */,
				45A835B22CB6D9C500FE016A /* BookwormUITests */,
				457ED7BB2DF9A8B20063C8F5 /* BookWidgetExtension */,
			);
		};
/* End PBXProject section */

/* Begin PBXResourcesBuildPhase section */
		457ED7BA2DF9A8B20063C8F5 /* Resources */ = {
			isa = PBXResourcesBuildPhase;
			buildActionMask = 2147483647;
			files = (
			);
			runOnlyForDeploymentPostprocessing = 0;
		};
		45A835932CB6D9C200FE016A /* Resources */ = {
			isa = PBXResourcesBuildPhase;
			buildActionMask = 2147483647;
			files = (
			);
			runOnlyForDeploymentPostprocessing = 0;
		};
		45A835A72CB6D9C500FE016A /* Resources */ = {
			isa = PBXResourcesBuildPhase;
			buildActionMask = 2147483647;
			files = (
			);
			runOnlyForDeploymentPostprocessing = 0;
		};
		45A835B12CB6D9C500FE016A /* Resources */ = {
			isa = PBXResourcesBuildPhase;
			buildActionMask = 2147483647;
			files = (
			);
			runOnlyForDeploymentPostprocessing = 0;
		};
/* End PBXResourcesBuildPhase section */

/* Begin PBXSourcesBuildPhase section */
		457ED7B82DF9A8B20063C8F5 /* Sources */ = {
			isa = PBXSourcesBuildPhase;
			buildActionMask = 2147483647;
			files = (
			);
			runOnlyForDeploymentPostprocessing = 0;
		};
		45A835912CB6D9C200FE016A /* Sources */ = {
			isa = PBXSourcesBuildPhase;
			buildActionMask = 2147483647;
			files = (
			);
			runOnlyForDeploymentPostprocessing = 0;
		};
		45A835A52CB6D9C500FE016A /* Sources */ = {
			isa = PBXSourcesBuildPhase;
			buildActionMask = 2147483647;
			files = (
			);
			runOnlyForDeploymentPostprocessing = 0;
		};
		45A835AF2CB6D9C500FE016A /* Sources */ = {
			isa = PBXSourcesBuildPhase;
			buildActionMask = 2147483647;
			files = (
			);
			runOnlyForDeploymentPostprocessing = 0;
		};
/* End PBXSourcesBuildPhase section */

/* Begin PBXTargetDependency section */
		457ED7D12DF9A8BB0063C8F5 /* PBXTargetDependency */ = {
			isa = PBXTargetDependency;
			target = 457ED7BB2DF9A8B20063C8F5 /* BookWidgetExtension */;
			targetProxy = 457ED7D02DF9A8BB0063C8F5 /* PBXContainerItemProxy */;
		};
		45A835AB2CB6D9C500FE016A /* PBXTargetDependency */ = {
			isa = PBXTargetDependency;
			target = 45A835942CB6D9C200FE016A /* Bookworm */;
			targetProxy = 45A835AA2CB6D9C500FE016A /* PBXContainerItemProxy */;
		};
		45A835B52CB6D9C500FE016A /* PBXTargetDependency */ = {
			isa = PBXTargetDependency;
			target = 45A835942CB6D9C200FE016A /* Bookworm */;
			targetProxy = 45A835B42CB6D9C500FE016A /* PBXContainerItemProxy */;
		};
/* End PBXTargetDependency section */

/* Begin XCBuildConfiguration section */
		457ED7D42DF9A8BB0063C8F5 /* Debug */ = {
			isa = XCBuildConfiguration;
			buildSettings = {
				ASSETCATALOG_COMPILER_GLOBAL_ACCENT_COLOR_NAME = AccentColor;
				ASSETCATALOG_COMPILER_WIDGET_BACKGROUND_COLOR_NAME = WidgetBackground;
				CODE_SIGN_STYLE = Automatic;
				CURRENT_PROJECT_VERSION = 1;
				DEVELOPMENT_TEAM = 4ZRQ353H57;
				GENERATE_INFOPLIST_FILE = YES;
				INFOPLIST_FILE = BookWidget/Info.plist;
				INFOPLIST_KEY_CFBundleDisplayName = BookWidget;
				INFOPLIST_KEY_NSHumanReadableCopyright = "";
				IPHONEOS_DEPLOYMENT_TARGET = 18.2;
				LD_RUNPATH_SEARCH_PATHS = (
					"$(inherited)",
					"@executable_path/Frameworks",
					"@executable_path/../../Frameworks",
				);
				MARKETING_VERSION = 1.0;
				PRODUCT_BUNDLE_IDENTIFIER = ch.sid.Bookworm.BookWidget;
				PRODUCT_NAME = "$(TARGET_NAME)";
				SKIP_INSTALL = YES;
				SWIFT_EMIT_LOC_STRINGS = YES;
				SWIFT_VERSION = 5.0;
				TARGETED_DEVICE_FAMILY = "1,2";
			};
			name = Debug;
		};
		457ED7D52DF9A8BB0063C8F5 /* Release */ = {
			isa = XCBuildConfiguration;
			buildSettings = {
				ASSETCATALOG_COMPILER_GLOBAL_ACCENT_COLOR_NAME = AccentColor;
				ASSETCATALOG_COMPILER_WIDGET_BACKGROUND_COLOR_NAME = WidgetBackground;
				CODE_SIGN_STYLE = Automatic;
				CURRENT_PROJECT_VERSION = 1;
				DEVELOPMENT_TEAM = 4ZRQ353H57;
				GENERATE_INFOPLIST_FILE = YES;
				INFOPLIST_FILE = BookWidget/Info.plist;
				INFOPLIST_KEY_CFBundleDisplayName = BookWidget;
				INFOPLIST_KEY_NSHumanReadableCopyright = "";
				IPHONEOS_DEPLOYMENT_TARGET = 18.2;
				LD_RUNPATH_SEARCH_PATHS = (
					"$(inherited)",
					"@executable_path/Frameworks",
					"@executable_path/../../Frameworks",
				);
				MARKETING_VERSION = 1.0;
				PRODUCT_BUNDLE_IDENTIFIER = ch.sid.Bookworm.BookWidget;
				PRODUCT_NAME = "$(TARGET_NAME)";
				SKIP_INSTALL = YES;
				SWIFT_EMIT_LOC_STRINGS = YES;
				SWIFT_VERSION = 5.0;
				TARGETED_DEVICE_FAMILY = "1,2";
			};
			name = Release;
		};
		45A835BD2CB6D9C500FE016A /* Debug */ = {
			isa = XCBuildConfiguration;
			buildSettings = {
				ASSETCATALOG_COMPILER_APPICON_NAME = AppIcon;
				ASSETCATALOG_COMPILER_GLOBAL_ACCENT_COLOR_NAME = AccentColor;
				CODE_SIGN_ENTITLEMENTS = Bookworm/Bookworm.entitlements;
				CODE_SIGN_STYLE = Automatic;
				CURRENT_PROJECT_VERSION = 1;
				DEVELOPMENT_ASSET_PATHS = "\"Bookworm/Preview Content\"";
				DEVELOPMENT_TEAM = 4ZRQ353H57;
				ENABLE_PREVIEWS = YES;
				GENERATE_INFOPLIST_FILE = YES;
				INFOPLIST_FILE = Bookworm/Info.plist;
				INFOPLIST_KEY_NSCameraUsageDescription = "We need the camera to scan bar codes";
				INFOPLIST_KEY_UIApplicationSceneManifest_Generation = YES;
				INFOPLIST_KEY_UIApplicationSupportsIndirectInputEvents = YES;
				INFOPLIST_KEY_UILaunchScreen_Generation = YES;
				INFOPLIST_KEY_UISupportedInterfaceOrientations = UIInterfaceOrientationPortrait;
				INFOPLIST_KEY_UISupportedInterfaceOrientations_iPad = "UIInterfaceOrientationLandscapeLeft UIInterfaceOrientationLandscapeRight UIInterfaceOrientationPortrait UIInterfaceOrientationPortraitUpsideDown";
				LD_RUNPATH_SEARCH_PATHS = (
					"$(inherited)",
					"@executable_path/Frameworks",
				);
				MARKETING_VERSION = 1.0;
				PRODUCT_BUNDLE_IDENTIFIER = ch.sid.Bookworm;
				PRODUCT_NAME = "$(TARGET_NAME)";
				SWIFT_EMIT_LOC_STRINGS = YES;
				SWIFT_VERSION = 5.0;
				TARGETED_DEVICE_FAMILY = "1,2";
			};
			name = Debug;
		};
		45A835BE2CB6D9C500FE016A /* Release */ = {
			isa = XCBuildConfiguration;
			buildSettings = {
				ASSETCATALOG_COMPILER_APPICON_NAME = AppIcon;
				ASSETCATALOG_COMPILER_GLOBAL_ACCENT_COLOR_NAME = AccentColor;
				CODE_SIGN_ENTITLEMENTS = Bookworm/Bookworm.entitlements;
				CODE_SIGN_STYLE = Automatic;
				CURRENT_PROJECT_VERSION = 1;
				DEVELOPMENT_ASSET_PATHS = "\"Bookworm/Preview Content\"";
				DEVELOPMENT_TEAM = 4ZRQ353H57;
				ENABLE_PREVIEWS = YES;
				GENERATE_INFOPLIST_FILE = YES;
				INFOPLIST_FILE = Bookworm/Info.plist;
				INFOPLIST_KEY_NSCameraUsageDescription = "We need the camera to scan bar codes";
				INFOPLIST_KEY_UIApplicationSceneManifest_Generation = YES;
				INFOPLIST_KEY_UIApplicationSupportsIndirectInputEvents = YES;
				INFOPLIST_KEY_UILaunchScreen_Generation = YES;
				INFOPLIST_KEY_UISupportedInterfaceOrientations = UIInterfaceOrientationPortrait;
				INFOPLIST_KEY_UISupportedInterfaceOrientations_iPad = "UIInterfaceOrientationLandscapeLeft UIInterfaceOrientationLandscapeRight UIInterfaceOrientationPortrait UIInterfaceOrientationPortraitUpsideDown";
				LD_RUNPATH_SEARCH_PATHS = (
					"$(inherited)",
					"@executable_path/Frameworks",
				);
				MARKETING_VERSION = 1.0;
				PRODUCT_BUNDLE_IDENTIFIER = ch.sid.Bookworm;
				PRODUCT_NAME = "$(TARGET_NAME)";
				SWIFT_EMIT_LOC_STRINGS = YES;
				SWIFT_VERSION = 5.0;
				TARGETED_DEVICE_FAMILY = "1,2";
			};
			name = Release;
		};
		45A835BF2CB6D9C500FE016A /* Debug */ = {
			isa = XCBuildConfiguration;
			buildSettings = {
				ALWAYS_SEARCH_USER_PATHS = NO;
				ASSETCATALOG_COMPILER_GENERATE_SWIFT_ASSET_SYMBOL_EXTENSIONS = YES;
				CLANG_ANALYZER_NONNULL = YES;
				CLANG_ANALYZER_NUMBER_OBJECT_CONVERSION = YES_AGGRESSIVE;
				CLANG_CXX_LANGUAGE_STANDARD = "gnu++20";
				CLANG_ENABLE_MODULES = YES;
				CLANG_ENABLE_OBJC_ARC = YES;
				CLANG_ENABLE_OBJC_WEAK = YES;
				CLANG_WARN_BLOCK_CAPTURE_AUTORELEASING = YES;
				CLANG_WARN_BOOL_CONVERSION = YES;
				CLANG_WARN_COMMA = YES;
				CLANG_WARN_CONSTANT_CONVERSION = YES;
				CLANG_WARN_DEPRECATED_OBJC_IMPLEMENTATIONS = YES;
				CLANG_WARN_DIRECT_OBJC_ISA_USAGE = YES_ERROR;
				CLANG_WARN_DOCUMENTATION_COMMENTS = YES;
				CLANG_WARN_EMPTY_BODY = YES;
				CLANG_WARN_ENUM_CONVERSION = YES;
				CLANG_WARN_INFINITE_RECURSION = YES;
				CLANG_WARN_INT_CONVERSION = YES;
				CLANG_WARN_NON_LITERAL_NULL_CONVERSION = YES;
				CLANG_WARN_OBJC_IMPLICIT_RETAIN_SELF = YES;
				CLANG_WARN_OBJC_LITERAL_CONVERSION = YES;
				CLANG_WARN_OBJC_ROOT_CLASS = YES_ERROR;
				CLANG_WARN_QUOTED_INCLUDE_IN_FRAMEWORK_HEADER = YES;
				CLANG_WARN_RANGE_LOOP_ANALYSIS = YES;
				CLANG_WARN_STRICT_PROTOTYPES = YES;
				CLANG_WARN_SUSPICIOUS_MOVE = YES;
				CLANG_WARN_UNGUARDED_AVAILABILITY = YES_AGGRESSIVE;
				CLANG_WARN_UNREACHABLE_CODE = YES;
				CLANG_WARN__DUPLICATE_METHOD_MATCH = YES;
				COPY_PHASE_STRIP = NO;
				DEBUG_INFORMATION_FORMAT = dwarf;
				ENABLE_STRICT_OBJC_MSGSEND = YES;
				ENABLE_TESTABILITY = YES;
				ENABLE_USER_SCRIPT_SANDBOXING = YES;
				GCC_C_LANGUAGE_STANDARD = gnu17;
				GCC_DYNAMIC_NO_PIC = NO;
				GCC_NO_COMMON_BLOCKS = YES;
				GCC_OPTIMIZATION_LEVEL = 0;
				GCC_PREPROCESSOR_DEFINITIONS = (
					"DEBUG=1",
					"$(inherited)",
				);
				GCC_WARN_64_TO_32_BIT_CONVERSION = YES;
				GCC_WARN_ABOUT_RETURN_TYPE = YES_ERROR;
				GCC_WARN_UNDECLARED_SELECTOR = YES;
				GCC_WARN_UNINITIALIZED_AUTOS = YES_AGGRESSIVE;
				GCC_WARN_UNUSED_FUNCTION = YES;
				GCC_WARN_UNUSED_VARIABLE = YES;
				IPHONEOS_DEPLOYMENT_TARGET = 17.6;
				LOCALIZATION_PREFERS_STRING_CATALOGS = YES;
				MTL_ENABLE_DEBUG_INFO = INCLUDE_SOURCE;
				MTL_FAST_MATH = YES;
				ONLY_ACTIVE_ARCH = YES;
				SDKROOT = iphoneos;
				SWIFT_ACTIVE_COMPILATION_CONDITIONS = "DEBUG $(inherited)";
				SWIFT_OPTIMIZATION_LEVEL = "-Onone";
			};
			name = Debug;
		};
		45A835C02CB6D9C500FE016A /* Release */ = {
			isa = XCBuildConfiguration;
			buildSettings = {
				ALWAYS_SEARCH_USER_PATHS = NO;
				ASSETCATALOG_COMPILER_GENERATE_SWIFT_ASSET_SYMBOL_EXTENSIONS = YES;
				CLANG_ANALYZER_NONNULL = YES;
				CLANG_ANALYZER_NUMBER_OBJECT_CONVERSION = YES_AGGRESSIVE;
				CLANG_CXX_LANGUAGE_STANDARD = "gnu++20";
				CLANG_ENABLE_MODULES = YES;
				CLANG_ENABLE_OBJC_ARC = YES;
				CLANG_ENABLE_OBJC_WEAK = YES;
				CLANG_WARN_BLOCK_CAPTURE_AUTORELEASING = YES;
				CLANG_WARN_BOOL_CONVERSION = YES;
				CLANG_WARN_COMMA = YES;
				CLANG_WARN_CONSTANT_CONVERSION = YES;
				CLANG_WARN_DEPRECATED_OBJC_IMPLEMENTATIONS = YES;
				CLANG_WARN_DIRECT_OBJC_ISA_USAGE = YES_ERROR;
				CLANG_WARN_DOCUMENTATION_COMMENTS = YES;
				CLANG_WARN_EMPTY_BODY = YES;
				CLANG_WARN_ENUM_CONVERSION = YES;
				CLANG_WARN_INFINITE_RECURSION = YES;
				CLANG_WARN_INT_CONVERSION = YES;
				CLANG_WARN_NON_LITERAL_NULL_CONVERSION = YES;
				CLANG_WARN_OBJC_IMPLICIT_RETAIN_SELF = YES;
				CLANG_WARN_OBJC_LITERAL_CONVERSION = YES;
				CLANG_WARN_OBJC_ROOT_CLASS = YES_ERROR;
				CLANG_WARN_QUOTED_INCLUDE_IN_FRAMEWORK_HEADER = YES;
				CLANG_WARN_RANGE_LOOP_ANALYSIS = YES;
				CLANG_WARN_STRICT_PROTOTYPES = YES;
				CLANG_WARN_SUSPICIOUS_MOVE = YES;
				CLANG_WARN_UNGUARDED_AVAILABILITY = YES_AGGRESSIVE;
				CLANG_WARN_UNREACHABLE_CODE = YES;
				CLANG_WARN__DUPLICATE_METHOD_MATCH = YES;
				COPY_PHASE_STRIP = NO;
				DEBUG_INFORMATION_FORMAT = "dwarf-with-dsym";
				ENABLE_NS_ASSERTIONS = NO;
				ENABLE_STRICT_OBJC_MSGSEND = YES;
				ENABLE_USER_SCRIPT_SANDBOXING = YES;
				GCC_C_LANGUAGE_STANDARD = gnu17;
				GCC_NO_COMMON_BLOCKS = YES;
				GCC_WARN_64_TO_32_BIT_CONVERSION = YES;
				GCC_WARN_ABOUT_RETURN_TYPE = YES_ERROR;
				GCC_WARN_UNDECLARED_SELECTOR = YES;
				GCC_WARN_UNINITIALIZED_AUTOS = YES_AGGRESSIVE;
				GCC_WARN_UNUSED_FUNCTION = YES;
				GCC_WARN_UNUSED_VARIABLE = YES;
				IPHONEOS_DEPLOYMENT_TARGET = 17.6;
				LOCALIZATION_PREFERS_STRING_CATALOGS = YES;
				MTL_ENABLE_DEBUG_INFO = NO;
				MTL_FAST_MATH = YES;
				SDKROOT = iphoneos;
				SWIFT_COMPILATION_MODE = wholemodule;
				VALIDATE_PRODUCT = YES;
			};
			name = Release;
		};
		45A835C22CB6D9C500FE016A /* Debug */ = {
			isa = XCBuildConfiguration;
			buildSettings = {
				BUNDLE_LOADER = "$(TEST_HOST)";
				CODE_SIGN_STYLE = Automatic;
				CURRENT_PROJECT_VERSION = 1;
				GENERATE_INFOPLIST_FILE = YES;
				IPHONEOS_DEPLOYMENT_TARGET = 18.0;
				MARKETING_VERSION = 1.0;
				PRODUCT_BUNDLE_IDENTIFIER = ch.sid.BookwormTests;
				PRODUCT_NAME = "$(TARGET_NAME)";
				SWIFT_EMIT_LOC_STRINGS = NO;
				SWIFT_VERSION = 5.0;
				TARGETED_DEVICE_FAMILY = "1,2";
				TEST_HOST = "$(BUILT_PRODUCTS_DIR)/Bookworm.app/$(BUNDLE_EXECUTABLE_FOLDER_PATH)/Bookworm";
			};
			name = Debug;
		};
		45A835C32CB6D9C500FE016A /* Release */ = {
			isa = XCBuildConfiguration;
			buildSettings = {
				BUNDLE_LOADER = "$(TEST_HOST)";
				CODE_SIGN_STYLE = Automatic;
				CURRENT_PROJECT_VERSION = 1;
				GENERATE_INFOPLIST_FILE = YES;
				IPHONEOS_DEPLOYMENT_TARGET = 18.0;
				MARKETING_VERSION = 1.0;
				PRODUCT_BUNDLE_IDENTIFIER = ch.sid.BookwormTests;
				PRODUCT_NAME = "$(TARGET_NAME)";
				SWIFT_EMIT_LOC_STRINGS = NO;
				SWIFT_VERSION = 5.0;
				TARGETED_DEVICE_FAMILY = "1,2";
				TEST_HOST = "$(BUILT_PRODUCTS_DIR)/Bookworm.app/$(BUNDLE_EXECUTABLE_FOLDER_PATH)/Bookworm";
			};
			name = Release;
		};
		45A835C52CB6D9C500FE016A /* Debug */ = {
			isa = XCBuildConfiguration;
			buildSettings = {
				CODE_SIGN_STYLE = Automatic;
				CURRENT_PROJECT_VERSION = 1;
				GENERATE_INFOPLIST_FILE = YES;
				MARKETING_VERSION = 1.0;
				PRODUCT_BUNDLE_IDENTIFIER = ch.sid.BookwormUITests;
				PRODUCT_NAME = "$(TARGET_NAME)";
				SWIFT_EMIT_LOC_STRINGS = NO;
				SWIFT_VERSION = 5.0;
				TARGETED_DEVICE_FAMILY = "1,2";
				TEST_TARGET_NAME = Bookworm;
			};
			name = Debug;
		};
		45A835C62CB6D9C500FE016A /* Release */ = {
			isa = XCBuildConfiguration;
			buildSettings = {
				CODE_SIGN_STYLE = Automatic;
				CURRENT_PROJECT_VERSION = 1;
				GENERATE_INFOPLIST_FILE = YES;
				MARKETING_VERSION = 1.0;
				PRODUCT_BUNDLE_IDENTIFIER = ch.sid.BookwormUITests;
				PRODUCT_NAME = "$(TARGET_NAME)";
				SWIFT_EMIT_LOC_STRINGS = NO;
				SWIFT_VERSION = 5.0;
				TARGETED_DEVICE_FAMILY = "1,2";
				TEST_TARGET_NAME = Bookworm;
			};
			name = Release;
		};
/* End XCBuildConfiguration section */

/* Begin XCConfigurationList section */
		457ED7D62DF9A8BB0063C8F5 /* Build configuration list for PBXNativeTarget "BookWidgetExtension" */ = {
			isa = XCConfigurationList;
			buildConfigurations = (
				457ED7D42DF9A8BB0063C8F5 /* Debug */,
				457ED7D52DF9A8BB0063C8F5 /* Release */,
			);
			defaultConfigurationIsVisible = 0;
			defaultConfigurationName = Release;
		};
		45A835902CB6D9C200FE016A /* Build configuration list for PBXProject "Bookworm" */ = {
			isa = XCConfigurationList;
			buildConfigurations = (
				45A835BF2CB6D9C500FE016A /* Debug */,
				45A835C02CB6D9C500FE016A /* Release */,
			);
			defaultConfigurationIsVisible = 0;
			defaultConfigurationName = Release;
		};
		45A835BC2CB6D9C500FE016A /* Build configuration list for PBXNativeTarget "Bookworm" */ = {
			isa = XCConfigurationList;
			buildConfigurations = (
				45A835BD2CB6D9C500FE016A /* Debug */,
				45A835BE2CB6D9C500FE016A /* Release */,
			);
			defaultConfigurationIsVisible = 0;
			defaultConfigurationName = Release;
		};
		45A835C12CB6D9C500FE016A /* Build configuration list for PBXNativeTarget "BookwormTests" */ = {
			isa = XCConfigurationList;
			buildConfigurations = (
				45A835C22CB6D9C500FE016A /* Debug */,
				45A835C32CB6D9C500FE016A /* Release */,
			);
			defaultConfigurationIsVisible = 0;
			defaultConfigurationName = Release;
		};
		45A835C42CB6D9C500FE016A /* Build configuration list for PBXNativeTarget "BookwormUITests" */ = {
			isa = XCConfigurationList;
			buildConfigurations = (
				45A835C52CB6D9C500FE016A /* Debug */,
				45A835C62CB6D9C500FE016A /* Release */,
			);
			defaultConfigurationIsVisible = 0;
			defaultConfigurationName = Release;
		};
/* End XCConfigurationList section */

/* Begin XCRemoteSwiftPackageReference section */
		45255B022ED1051B009FC4AB /* XCRemoteSwiftPackageReference "GRDB.swift" */ = {
			isa = XCRemoteSwiftPackageReference;
			repositoryURL = "https://github.com/groue/GRDB.swift.git";
			requirement = {
				kind = upToNextMajorVersion;
				minimumVersion = 7.8.0;
			};
		};
		45AF110C2EDA13AC00201785 /* XCRemoteSwiftPackageReference "GRDBQuery" */ = {
			isa = XCRemoteSwiftPackageReference;
			repositoryURL = "https://github.com/groue/GRDBQuery";
			requirement = {
				kind = upToNextMajorVersion;
				minimumVersion = 0.11.0;
			};
		};
		45F25CF32CD0D8D2003BB87E /* XCRemoteSwiftPackageReference "CodeScanner" */ = {
			isa = XCRemoteSwiftPackageReference;
			repositoryURL = "https://github.com/twostraws/CodeScanner";
			requirement = {
				kind = upToNextMajorVersion;
				minimumVersion = 2.5.1;
			};
		};
/* End XCRemoteSwiftPackageReference section */

/* Begin XCSwiftPackageProductDependency section */
		451C27422ED0FC6A00E2D25D /* GRDB */ = {
			isa = XCSwiftPackageProductDependency;
			productName = GRDB;
		};
		451C27462ED0FCDF00E2D25D /* GRDB */ = {
			isa = XCSwiftPackageProductDependency;
			productName = GRDB;
		};
		45255B032ED1051B009FC4AB /* GRDB */ = {
			isa = XCSwiftPackageProductDependency;
			package = 45255B022ED1051B009FC4AB /* XCRemoteSwiftPackageReference "GRDB.swift" */;
			productName = GRDB;
		};
		45AF110D2EDA13AC00201785 /* GRDBQuery */ = {
			isa = XCSwiftPackageProductDependency;
			package = 45AF110C2EDA13AC00201785 /* XCRemoteSwiftPackageReference "GRDBQuery" */;
			productName = GRDBQuery;
		};
		45F25CF42CD0D8D2003BB87E /* CodeScanner */ = {
			isa = XCSwiftPackageProductDependency;
			package = 45F25CF32CD0D8D2003BB87E /* XCRemoteSwiftPackageReference "CodeScanner" */;
			productName = CodeScanner;
		};
		45FBED4E2ED0D19900495DAB /* GRDB */ = {
			isa = XCSwiftPackageProductDependency;
			productName = GRDB;
		};
		45FBED522ED0D1E100495DAB /* GRDB */ = {
			isa = XCSwiftPackageProductDependency;
			productName = GRDB;
		};
		45FBED562ED0FB2B00495DAB /* GRDB */ = {
			isa = XCSwiftPackageProductDependency;
			productName = GRDB;
		};
/* End XCSwiftPackageProductDependency section */
	};
	rootObject = 45A8358D2CB6D9C200FE016A /* Project object */;
}
